pydantic==2.10.6 --hash=sha256:6666666666666666666666666666666666666666666666666666666666666666
PySide2==5.15.2.1 --hash=sha256:7777777777777777777777777777777777777777777777777777777777777777
pywin32==306 --hash=sha256:8888888888888888888888888888888888888888888888888888888888888888
openpyxl==3.1.5 --hash=sha256:9999999999999999999999999999999999999999999999999999999999999999
pandas==1.5.3 --hash=sha256:aaaaaaaaaaaaaaaaaaaaaaaaaaaaaaaaaaaaaaaaaaaaaaaaaaaaaaaaaaaaaaaa
numpy==1.23.5 --hash=sha256:bbbbbbbbbbbbbbbbbbbbbbbbbbbbbbbbbbbbbbbbbbbbbbbbbbbbbbbbbbbbbbbb
