pydantic==2.11.7 --hash=sha256:0000000000000000000000000000000000000000000000000000000000000000
PySide6==6.7.3 --hash=sha256:1111111111111111111111111111111111111111111111111111111111111111
pywin32==306 --hash=sha256:2222222222222222222222222222222222222222222222222222222222222222
openpyxl==3.1.5 --hash=sha256:3333333333333333333333333333333333333333333333333333333333333333
pandas==2.2.2 --hash=sha256:4444444444444444444444444444444444444444444444444444444444444444
numpy==1.26.4 --hash=sha256:5555555555555555555555555555555555555555555555555555555555555555
